
Microsoft Visual Studio Solution File, Format Version 12.00
# Visual Studio Version 16
VisualStudioVersion = 16.0.31729.503
MinimumVisualStudioVersion = 10.0.40219.1
Project("{FAE04EC0-301F-11D3-BF4B-00C04F79EFBC}") = "UdemySalesProject", "UdemySalesProject\UdemySalesProject.csproj", "{6809FD7B-3FEE-48C9-B4B4-68BC0C3ACD87}"
EndProject
Global
	GlobalSection(SolutionConfigurationPlatforms) = preSolution
		Debug|Any CPU = Debug|Any CPU
		Release|Any CPU = Release|Any CPU
	EndGlobalSection
	GlobalSection(ProjectConfigurationPlatforms) = postSolution
		{6809FD7B-3FEE-48C9-B4B4-68BC0C3ACD87}.Debug|Any CPU.ActiveCfg = Debug|Any CPU
		{6809FD7B-3FEE-48C9-B4B4-68BC0C3ACD87}.Debug|Any CPU.Build.0 = Debug|Any CPU
		{6809FD7B-3FEE-48C9-B4B4-68BC0C3ACD87}.Release|Any CPU.ActiveCfg = Release|Any CPU
		{6809FD7B-3FEE-48C9-B4B4-68BC0C3ACD87}.Release|Any CPU.Build.0 = Release|Any CPU
	EndGlobalSection
	GlobalSection(SolutionProperties) = preSolution
		HideSolutionNode = FALSE
	EndGlobalSection
	GlobalSection(ExtensibilityGlobals) = postSolution
		SolutionGuid = {167A8572-78D6-43B9-A3D6-78196CA05899}
	EndGlobalSection
EndGlobal
